
Microsoft Visual Studio Solution File, Format Version 12.00
Project("{FAE04EC0-301F-11D3-BF4B-00C04F79EFBC}") = "HowLongToBeat.Parser", "HowLongToBeat.Parser\HowLongToBeat.Parser.csproj", "{A997D56A-8433-4052-8D8D-D67D43EBF3EE}"
EndProject
Project("{FAE04EC0-301F-11D3-BF4B-00C04F79EFBC}") = "HowLongToBeat.Console", "HowLongToBeat.Console\HowLongToBeat.Console.csproj", "{74D0FDC4-8206-4173-B68F-039759022C39}"
EndProject
Project("{FAE04EC0-301F-11D3-BF4B-00C04F79EFBC}") = "HowLongToBeat.App", "HowLongToBeat.App\HowLongToBeat.App.csproj", "{DBEF5C63-E63C-4C4B-88EC-151CF115B747}"
EndProject
Global
	GlobalSection(SolutionConfigurationPlatforms) = preSolution
		Debug|Any CPU = Debug|Any CPU
		Release|Any CPU = Release|Any CPU
	EndGlobalSection
	GlobalSection(ProjectConfigurationPlatforms) = postSolution
		{A997D56A-8433-4052-8D8D-D67D43EBF3EE}.Debug|Any CPU.ActiveCfg = Debug|Any CPU
		{A997D56A-8433-4052-8D8D-D67D43EBF3EE}.Debug|Any CPU.Build.0 = Debug|Any CPU
		{A997D56A-8433-4052-8D8D-D67D43EBF3EE}.Release|Any CPU.ActiveCfg = Release|Any CPU
		{A997D56A-8433-4052-8D8D-D67D43EBF3EE}.Release|Any CPU.Build.0 = Release|Any CPU
		{74D0FDC4-8206-4173-B68F-039759022C39}.Debug|Any CPU.ActiveCfg = Debug|Any CPU
		{74D0FDC4-8206-4173-B68F-039759022C39}.Debug|Any CPU.Build.0 = Debug|Any CPU
		{74D0FDC4-8206-4173-B68F-039759022C39}.Release|Any CPU.ActiveCfg = Release|Any CPU
		{74D0FDC4-8206-4173-B68F-039759022C39}.Release|Any CPU.Build.0 = Release|Any CPU
		{DBEF5C63-E63C-4C4B-88EC-151CF115B747}.Debug|Any CPU.ActiveCfg = Debug|Any CPU
		{DBEF5C63-E63C-4C4B-88EC-151CF115B747}.Debug|Any CPU.Build.0 = Debug|Any CPU
		{DBEF5C63-E63C-4C4B-88EC-151CF115B747}.Release|Any CPU.ActiveCfg = Release|Any CPU
		{DBEF5C63-E63C-4C4B-88EC-151CF115B747}.Release|Any CPU.Build.0 = Release|Any CPU
	EndGlobalSection
EndGlobal
